github.com/Aidilsur/go-say-hello v1.0.0 h1:l3NTAP2fvxDNC5nLyOxOJv1Ifm4aCWOZip7rHFNoaPY=
github.com/Aidilsur/go-say-hello v1.0.0/go.mod h1:PvzhIZSiB7kdIC2DFxXQVBYehM6o1EdKtvUaDz/vThQ=
github.com/Aidilsur/go-say-hello v1.5.0 h1:B5g8uUP1IrVsjC3l7y9ObkA1GuQwWX1sqn0m6nZeKrQ=
github.com/Aidilsur/go-say-hello v1.5.0/go.mod h1:PvzhIZSiB7kdIC2DFxXQVBYehM6o1EdKtvUaDz/vThQ=
github.com/Aidilsur/go-say-hello/v2 v2.0.0 h1:2jvbOkBaLyZgodY8SMMFTbuCX1mr+c/+fnvPvrMIYfM=
github.com/Aidilsur/go-say-hello/v2 v2.0.0/go.mod h1:Di7lT/sudpmG0/+zJ+osgoMIwjqW3DM5GuXhGG3+iiM=
